
Microsoft Visual Studio Solution File, Format Version 12.00
# Visual Studio Version 17
VisualStudioVersion = 17.3.32901.215
MinimumVisualStudioVersion = 10.0.40219.1
Project("{9A19103F-16F7-4668-BE54-9A1E7A4F7556}") = "Snake.Persistence", "Snake.Persistence\Snake.Persistence.csproj", "{86F523CF-FCF9-452E-BF51-A89FCFD858C6}"
EndProject
Project("{9A19103F-16F7-4668-BE54-9A1E7A4F7556}") = "Snake.Test", "Snake.Test\Snake.Test.csproj", "{1F470F0E-AF9D-4330-BA53-E61848594762}"
EndProject
Project("{9A19103F-16F7-4668-BE54-9A1E7A4F7556}") = "Snake.WPF", "Snake.WPF\Snake.WPF.csproj", "{C278D128-4619-4017-BFB0-1DCDF54DE8D8}"
EndProject
Project("{FAE04EC0-301F-11D3-BF4B-00C04F79EFBC}") = "Snake.Model", "Snake.Model\Snake.Model.csproj", "{626871A8-F7DD-4EE0-BE80-422A2C15A4AD}"
EndProject
Global
	GlobalSection(SolutionConfigurationPlatforms) = preSolution
		Debug|Any CPU = Debug|Any CPU
		Release|Any CPU = Release|Any CPU
	EndGlobalSection
	GlobalSection(ProjectConfigurationPlatforms) = postSolution
		{86F523CF-FCF9-452E-BF51-A89FCFD858C6}.Debug|Any CPU.ActiveCfg = Debug|Any CPU
		{86F523CF-FCF9-452E-BF51-A89FCFD858C6}.Debug|Any CPU.Build.0 = Debug|Any CPU
		{86F523CF-FCF9-452E-BF51-A89FCFD858C6}.Release|Any CPU.ActiveCfg = Release|Any CPU
		{86F523CF-FCF9-452E-BF51-A89FCFD858C6}.Release|Any CPU.Build.0 = Release|Any CPU
		{1F470F0E-AF9D-4330-BA53-E61848594762}.Debug|Any CPU.ActiveCfg = Debug|Any CPU
		{1F470F0E-AF9D-4330-BA53-E61848594762}.Debug|Any CPU.Build.0 = Debug|Any CPU
		{1F470F0E-AF9D-4330-BA53-E61848594762}.Release|Any CPU.ActiveCfg = Release|Any CPU
		{1F470F0E-AF9D-4330-BA53-E61848594762}.Release|Any CPU.Build.0 = Release|Any CPU
		{C278D128-4619-4017-BFB0-1DCDF54DE8D8}.Debug|Any CPU.ActiveCfg = Debug|Any CPU
		{C278D128-4619-4017-BFB0-1DCDF54DE8D8}.Debug|Any CPU.Build.0 = Debug|Any CPU
		{C278D128-4619-4017-BFB0-1DCDF54DE8D8}.Release|Any CPU.ActiveCfg = Release|Any CPU
		{C278D128-4619-4017-BFB0-1DCDF54DE8D8}.Release|Any CPU.Build.0 = Release|Any CPU
		{626871A8-F7DD-4EE0-BE80-422A2C15A4AD}.Debug|Any CPU.ActiveCfg = Debug|Any CPU
		{626871A8-F7DD-4EE0-BE80-422A2C15A4AD}.Debug|Any CPU.Build.0 = Debug|Any CPU
		{626871A8-F7DD-4EE0-BE80-422A2C15A4AD}.Release|Any CPU.ActiveCfg = Release|Any CPU
		{626871A8-F7DD-4EE0-BE80-422A2C15A4AD}.Release|Any CPU.Build.0 = Release|Any CPU
	EndGlobalSection
	GlobalSection(SolutionProperties) = preSolution
		HideSolutionNode = FALSE
	EndGlobalSection
	GlobalSection(ExtensibilityGlobals) = postSolution
		SolutionGuid = {94474E04-6233-4B87-91AD-C0DAB10DEEA5}
	EndGlobalSection
EndGlobal
